
Microsoft Visual Studio Solution File, Format Version 12.00
# Visual Studio 15
VisualStudioVersion = 15.0.28307.757
MinimumVisualStudioVersion = 10.0.40219.1
Project("{9A19103F-16F7-4668-BE54-9A1E7A4F7556}") = "WideWorldImporters.API", "WideWorldImporters.API\WideWorldImporters.API.csproj", "{64E39A41-5774-4009-8263-C04CBEDB9611}"
EndProject
Project("{9A19103F-16F7-4668-BE54-9A1E7A4F7556}") = "WideWorldImporters.API.UnitTests", "WideWorldImporters.API.UnitTests\WideWorldImporters.API.UnitTests.csproj", "{82484531-6EA9-4833-8B5D-609E6FF81D4E}"
EndProject
Project("{FAE04EC0-301F-11D3-BF4B-00C04F79EFBC}") = "WideWorldImporters.API.IntegrationTests", "WideWorldImporters.API.IntegrationTests\WideWorldImporters.API.IntegrationTests.csproj", "{AE37E7DC-CAC7-4504-924A-9AF201CA6073}"
EndProject
Global
	GlobalSection(SolutionConfigurationPlatforms) = preSolution
		Debug|Any CPU = Debug|Any CPU
		Release|Any CPU = Release|Any CPU
	EndGlobalSection
	GlobalSection(ProjectConfigurationPlatforms) = postSolution
		{64E39A41-5774-4009-8263-C04CBEDB9611}.Debug|Any CPU.ActiveCfg = Debug|Any CPU
		{64E39A41-5774-4009-8263-C04CBEDB9611}.Debug|Any CPU.Build.0 = Debug|Any CPU
		{64E39A41-5774-4009-8263-C04CBEDB9611}.Release|Any CPU.ActiveCfg = Release|Any CPU
		{64E39A41-5774-4009-8263-C04CBEDB9611}.Release|Any CPU.Build.0 = Release|Any CPU
		{82484531-6EA9-4833-8B5D-609E6FF81D4E}.Debug|Any CPU.ActiveCfg = Debug|Any CPU
		{82484531-6EA9-4833-8B5D-609E6FF81D4E}.Debug|Any CPU.Build.0 = Debug|Any CPU
		{82484531-6EA9-4833-8B5D-609E6FF81D4E}.Release|Any CPU.ActiveCfg = Release|Any CPU
		{82484531-6EA9-4833-8B5D-609E6FF81D4E}.Release|Any CPU.Build.0 = Release|Any CPU
		{AE37E7DC-CAC7-4504-924A-9AF201CA6073}.Debug|Any CPU.ActiveCfg = Debug|Any CPU
		{AE37E7DC-CAC7-4504-924A-9AF201CA6073}.Debug|Any CPU.Build.0 = Debug|Any CPU
		{AE37E7DC-CAC7-4504-924A-9AF201CA6073}.Release|Any CPU.ActiveCfg = Release|Any CPU
		{AE37E7DC-CAC7-4504-924A-9AF201CA6073}.Release|Any CPU.Build.0 = Release|Any CPU
	EndGlobalSection
	GlobalSection(SolutionProperties) = preSolution
		HideSolutionNode = FALSE
	EndGlobalSection
	GlobalSection(ExtensibilityGlobals) = postSolution
		SolutionGuid = {E7F1EF35-5996-4F6C-9C8E-1327C7A00188}
	EndGlobalSection
EndGlobal
